
Microsoft Visual Studio Solution File, Format Version 12.00
# Visual Studio Version 17
VisualStudioVersion = 17.9.34714.143
MinimumVisualStudioVersion = 10.0.40219.1
Project("{FAE04EC0-301F-11D3-BF4B-00C04F79EFBC}") = "SpartaTextGame", "SpartaTextGame\SpartaTextGame.csproj", "{E418A92D-6BF3-40E3-9989-2B053183837A}"
EndProject
Project("{2150E333-8FDC-42A3-9474-1A3956D46DE8}") = "솔루션 항목", "솔루션 항목", "{32235347-3A75-487A-93D2-0B46DDA0B292}"
EndProject
Global
	GlobalSection(SolutionConfigurationPlatforms) = preSolution
		Debug|Any CPU = Debug|Any CPU
		Release|Any CPU = Release|Any CPU
	EndGlobalSection
	GlobalSection(ProjectConfigurationPlatforms) = postSolution
		{E418A92D-6BF3-40E3-9989-2B053183837A}.Debug|Any CPU.ActiveCfg = Debug|Any CPU
		{E418A92D-6BF3-40E3-9989-2B053183837A}.Debug|Any CPU.Build.0 = Debug|Any CPU
		{E418A92D-6BF3-40E3-9989-2B053183837A}.Release|Any CPU.ActiveCfg = Release|Any CPU
		{E418A92D-6BF3-40E3-9989-2B053183837A}.Release|Any CPU.Build.0 = Release|Any CPU
	EndGlobalSection
	GlobalSection(SolutionProperties) = preSolution
		HideSolutionNode = FALSE
	EndGlobalSection
	GlobalSection(ExtensibilityGlobals) = postSolution
		SolutionGuid = {AE559D79-F593-4D3F-9A94-65784344E14D}
	EndGlobalSection
EndGlobal
